
Microsoft Visual Studio Solution File, Format Version 12.00
# Visual Studio 15
VisualStudioVersion = 15.0.27004.2008
MinimumVisualStudioVersion = 10.0.40219.1
Project("{FAE04EC0-301F-11D3-BF4B-00C04F79EFBC}") = "ERP.Mobile.Android", "ERP.Mobile\ERP.Mobile.Android\ERP.Mobile.Android.csproj", "{D66E49FE-A723-491C-965E-D587BA2052A8}"
EndProject
Project("{FAE04EC0-301F-11D3-BF4B-00C04F79EFBC}") = "ERP.Mobile", "ERP.Mobile\ERP.Mobile\ERP.Mobile.csproj", "{5FB321CF-929C-4718-9075-C28176444716}"
EndProject
Project("{FAE04EC0-301F-11D3-BF4B-00C04F79EFBC}") = "ERP.Mobile.iOS", "ERP.Mobile\ERP.Mobile.iOS\ERP.Mobile.iOS.csproj", "{DF40A0E8-C59C-4B08-8360-13F51DBA4091}"
EndProject
Global
	GlobalSection(SolutionConfigurationPlatforms) = preSolution
		Ad-Hoc|Any CPU = Ad-Hoc|Any CPU
		Ad-Hoc|iPhone = Ad-Hoc|iPhone
		Ad-Hoc|iPhoneSimulator = Ad-Hoc|iPhoneSimulator
		AppStore|Any CPU = AppStore|Any CPU
		AppStore|iPhone = AppStore|iPhone
		AppStore|iPhoneSimulator = AppStore|iPhoneSimulator
		Debug|Any CPU = Debug|Any CPU
		Debug|iPhone = Debug|iPhone
		Debug|iPhoneSimulator = Debug|iPhoneSimulator
		Release|Any CPU = Release|Any CPU
		Release|iPhone = Release|iPhone
		Release|iPhoneSimulator = Release|iPhoneSimulator
	EndGlobalSection
	GlobalSection(ProjectConfigurationPlatforms) = postSolution
		{D66E49FE-A723-491C-965E-D587BA2052A8}.Ad-Hoc|Any CPU.ActiveCfg = Release|Any CPU
		{D66E49FE-A723-491C-965E-D587BA2052A8}.Ad-Hoc|Any CPU.Build.0 = Release|Any CPU
		{D66E49FE-A723-491C-965E-D587BA2052A8}.Ad-Hoc|Any CPU.Deploy.0 = Release|Any CPU
		{D66E49FE-A723-491C-965E-D587BA2052A8}.Ad-Hoc|iPhone.ActiveCfg = Release|Any CPU
		{D66E49FE-A723-491C-965E-D587BA2052A8}.Ad-Hoc|iPhone.Build.0 = Release|Any CPU
		{D66E49FE-A723-491C-965E-D587BA2052A8}.Ad-Hoc|iPhone.Deploy.0 = Release|Any CPU
		{D66E49FE-A723-491C-965E-D587BA2052A8}.Ad-Hoc|iPhoneSimulator.ActiveCfg = Release|Any CPU
		{D66E49FE-A723-491C-965E-D587BA2052A8}.Ad-Hoc|iPhoneSimulator.Build.0 = Release|Any CPU
		{D66E49FE-A723-491C-965E-D587BA2052A8}.Ad-Hoc|iPhoneSimulator.Deploy.0 = Release|Any CPU
		{D66E49FE-A723-491C-965E-D587BA2052A8}.AppStore|Any CPU.ActiveCfg = Release|Any CPU
		{D66E49FE-A723-491C-965E-D587BA2052A8}.AppStore|Any CPU.Build.0 = Release|Any CPU
		{D66E49FE-A723-491C-965E-D587BA2052A8}.AppStore|Any CPU.Deploy.0 = Release|Any CPU
		{D66E49FE-A723-491C-965E-D587BA2052A8}.AppStore|iPhone.ActiveCfg = Release|Any CPU
		{D66E49FE-A723-491C-965E-D587BA2052A8}.AppStore|iPhone.Build.0 = Release|Any CPU
		{D66E49FE-A723-491C-965E-D587BA2052A8}.AppStore|iPhone.Deploy.0 = Release|Any CPU
		{D66E49FE-A723-491C-965E-D587BA2052A8}.AppStore|iPhoneSimulator.ActiveCfg = Release|Any CPU
		{D66E49FE-A723-491C-965E-D587BA2052A8}.AppStore|iPhoneSimulator.Build.0 = Release|Any CPU
		{D66E49FE-A723-491C-965E-D587BA2052A8}.AppStore|iPhoneSimulator.Deploy.0 = Release|Any CPU
		{D66E49FE-A723-491C-965E-D587BA2052A8}.Debug|Any CPU.ActiveCfg = Debug|Any CPU
		{D66E49FE-A723-491C-965E-D587BA2052A8}.Debug|Any CPU.Build.0 = Debug|Any CPU
		{D66E49FE-A723-491C-965E-D587BA2052A8}.Debug|Any CPU.Deploy.0 = Debug|Any CPU
		{D66E49FE-A723-491C-965E-D587BA2052A8}.Debug|iPhone.ActiveCfg = Debug|Any CPU
		{D66E49FE-A723-491C-965E-D587BA2052A8}.Debug|iPhone.Build.0 = Debug|Any CPU
		{D66E49FE-A723-491C-965E-D587BA2052A8}.Debug|iPhone.Deploy.0 = Debug|Any CPU
		{D66E49FE-A723-491C-965E-D587BA2052A8}.Debug|iPhoneSimulator.ActiveCfg = Debug|Any CPU
		{D66E49FE-A723-491C-965E-D587BA2052A8}.Debug|iPhoneSimulator.Build.0 = Debug|Any CPU
		{D66E49FE-A723-491C-965E-D587BA2052A8}.Debug|iPhoneSimulator.Deploy.0 = Debug|Any CPU
		{D66E49FE-A723-491C-965E-D587BA2052A8}.Release|Any CPU.ActiveCfg = Release|Any CPU
		{D66E49FE-A723-491C-965E-D587BA2052A8}.Release|Any CPU.Build.0 = Release|Any CPU
		{D66E49FE-A723-491C-965E-D587BA2052A8}.Release|Any CPU.Deploy.0 = Release|Any CPU
		{D66E49FE-A723-491C-965E-D587BA2052A8}.Release|iPhone.ActiveCfg = Release|Any CPU
		{D66E49FE-A723-491C-965E-D587BA2052A8}.Release|iPhone.Build.0 = Release|Any CPU
		{D66E49FE-A723-491C-965E-D587BA2052A8}.Release|iPhone.Deploy.0 = Release|Any CPU
		{D66E49FE-A723-491C-965E-D587BA2052A8}.Release|iPhoneSimulator.ActiveCfg = Release|Any CPU
		{D66E49FE-A723-491C-965E-D587BA2052A8}.Release|iPhoneSimulator.Build.0 = Release|Any CPU
		{D66E49FE-A723-491C-965E-D587BA2052A8}.Release|iPhoneSimulator.Deploy.0 = Release|Any CPU
		{5FB321CF-929C-4718-9075-C28176444716}.Ad-Hoc|Any CPU.ActiveCfg = Release|Any CPU
		{5FB321CF-929C-4718-9075-C28176444716}.Ad-Hoc|Any CPU.Build.0 = Release|Any CPU
		{5FB321CF-929C-4718-9075-C28176444716}.Ad-Hoc|iPhone.ActiveCfg = Release|Any CPU
		{5FB321CF-929C-4718-9075-C28176444716}.Ad-Hoc|iPhone.Build.0 = Release|Any CPU
		{5FB321CF-929C-4718-9075-C28176444716}.Ad-Hoc|iPhoneSimulator.ActiveCfg = Release|Any CPU
		{5FB321CF-929C-4718-9075-C28176444716}.Ad-Hoc|iPhoneSimulator.Build.0 = Release|Any CPU
		{5FB321CF-929C-4718-9075-C28176444716}.AppStore|Any CPU.ActiveCfg = Release|Any CPU
		{5FB321CF-929C-4718-9075-C28176444716}.AppStore|Any CPU.Build.0 = Release|Any CPU
		{5FB321CF-929C-4718-9075-C28176444716}.AppStore|iPhone.ActiveCfg = Release|Any CPU
		{5FB321CF-929C-4718-9075-C28176444716}.AppStore|iPhone.Build.0 = Release|Any CPU
		{5FB321CF-929C-4718-9075-C28176444716}.AppStore|iPhoneSimulator.ActiveCfg = Release|Any CPU
		{5FB321CF-929C-4718-9075-C28176444716}.AppStore|iPhoneSimulator.Build.0 = Release|Any CPU
		{5FB321CF-929C-4718-9075-C28176444716}.Debug|Any CPU.ActiveCfg = Debug|Any CPU
		{5FB321CF-929C-4718-9075-C28176444716}.Debug|Any CPU.Build.0 = Debug|Any CPU
		{5FB321CF-929C-4718-9075-C28176444716}.Debug|iPhone.ActiveCfg = Debug|Any CPU
		{5FB321CF-929C-4718-9075-C28176444716}.Debug|iPhone.Build.0 = Debug|Any CPU
		{5FB321CF-929C-4718-9075-C28176444716}.Debug|iPhoneSimulator.ActiveCfg = Debug|Any CPU
		{5FB321CF-929C-4718-9075-C28176444716}.Debug|iPhoneSimulator.Build.0 = Debug|Any CPU
		{5FB321CF-929C-4718-9075-C28176444716}.Release|Any CPU.ActiveCfg = Release|Any CPU
		{5FB321CF-929C-4718-9075-C28176444716}.Release|Any CPU.Build.0 = Release|Any CPU
		{5FB321CF-929C-4718-9075-C28176444716}.Release|iPhone.ActiveCfg = Release|Any CPU
		{5FB321CF-929C-4718-9075-C28176444716}.Release|iPhone.Build.0 = Release|Any CPU
		{5FB321CF-929C-4718-9075-C28176444716}.Release|iPhoneSimulator.ActiveCfg = Release|Any CPU
		{5FB321CF-929C-4718-9075-C28176444716}.Release|iPhoneSimulator.Build.0 = Release|Any CPU
		{DF40A0E8-C59C-4B08-8360-13F51DBA4091}.Ad-Hoc|Any CPU.ActiveCfg = Ad-Hoc|iPhoneSimulator
		{DF40A0E8-C59C-4B08-8360-13F51DBA4091}.Ad-Hoc|iPhone.ActiveCfg = Ad-Hoc|iPhone
		{DF40A0E8-C59C-4B08-8360-13F51DBA4091}.Ad-Hoc|iPhone.Build.0 = Ad-Hoc|iPhone
		{DF40A0E8-C59C-4B08-8360-13F51DBA4091}.Ad-Hoc|iPhoneSimulator.ActiveCfg = Ad-Hoc|iPhoneSimulator
		{DF40A0E8-C59C-4B08-8360-13F51DBA4091}.Ad-Hoc|iPhoneSimulator.Build.0 = Ad-Hoc|iPhoneSimulator
		{DF40A0E8-C59C-4B08-8360-13F51DBA4091}.AppStore|Any CPU.ActiveCfg = AppStore|iPhoneSimulator
		{DF40A0E8-C59C-4B08-8360-13F51DBA4091}.AppStore|iPhone.ActiveCfg = AppStore|iPhone
		{DF40A0E8-C59C-4B08-8360-13F51DBA4091}.AppStore|iPhone.Build.0 = AppStore|iPhone
		{DF40A0E8-C59C-4B08-8360-13F51DBA4091}.AppStore|iPhoneSimulator.ActiveCfg = AppStore|iPhoneSimulator
		{DF40A0E8-C59C-4B08-8360-13F51DBA4091}.AppStore|iPhoneSimulator.Build.0 = AppStore|iPhoneSimulator
		{DF40A0E8-C59C-4B08-8360-13F51DBA4091}.Debug|Any CPU.ActiveCfg = Debug|iPhoneSimulator
		{DF40A0E8-C59C-4B08-8360-13F51DBA4091}.Debug|iPhone.ActiveCfg = Debug|iPhone
		{DF40A0E8-C59C-4B08-8360-13F51DBA4091}.Debug|iPhone.Build.0 = Debug|iPhone
		{DF40A0E8-C59C-4B08-8360-13F51DBA4091}.Debug|iPhoneSimulator.ActiveCfg = Debug|iPhoneSimulator
		{DF40A0E8-C59C-4B08-8360-13F51DBA4091}.Debug|iPhoneSimulator.Build.0 = Debug|iPhoneSimulator
		{DF40A0E8-C59C-4B08-8360-13F51DBA4091}.Release|Any CPU.ActiveCfg = Release|iPhoneSimulator
		{DF40A0E8-C59C-4B08-8360-13F51DBA4091}.Release|iPhone.ActiveCfg = Release|iPhone
		{DF40A0E8-C59C-4B08-8360-13F51DBA4091}.Release|iPhone.Build.0 = Release|iPhone
		{DF40A0E8-C59C-4B08-8360-13F51DBA4091}.Release|iPhoneSimulator.ActiveCfg = Release|iPhoneSimulator
		{DF40A0E8-C59C-4B08-8360-13F51DBA4091}.Release|iPhoneSimulator.Build.0 = Release|iPhoneSimulator
	EndGlobalSection
	GlobalSection(SolutionProperties) = preSolution
		HideSolutionNode = FALSE
	EndGlobalSection
	GlobalSection(ExtensibilityGlobals) = postSolution
		SolutionGuid = {6BF4639B-2866-4F5B-A8ED-BE3D21509214}
	EndGlobalSection
EndGlobal
